
Microsoft Visual Studio Solution File, Format Version 12.00
# Visual Studio Version 17
VisualStudioVersion = 17.3.32929.385
MinimumVisualStudioVersion = 10.0.40219.1
Project("{FAE04EC0-301F-11D3-BF4B-00C04F79EFBC}") = "VITOR4ºTI_Atividade5", "VITOR4ºTI_Atividade5\VITOR4ºTI_Atividade5.csproj", "{110D1709-1CCA-467B-AA8E-A1412AE49A79}"
EndProject
Global
	GlobalSection(SolutionConfigurationPlatforms) = preSolution
		Debug|Any CPU = Debug|Any CPU
		Release|Any CPU = Release|Any CPU
	EndGlobalSection
	GlobalSection(ProjectConfigurationPlatforms) = postSolution
		{110D1709-1CCA-467B-AA8E-A1412AE49A79}.Debug|Any CPU.ActiveCfg = Debug|Any CPU
		{110D1709-1CCA-467B-AA8E-A1412AE49A79}.Debug|Any CPU.Build.0 = Debug|Any CPU
		{110D1709-1CCA-467B-AA8E-A1412AE49A79}.Release|Any CPU.ActiveCfg = Release|Any CPU
		{110D1709-1CCA-467B-AA8E-A1412AE49A79}.Release|Any CPU.Build.0 = Release|Any CPU
	EndGlobalSection
	GlobalSection(SolutionProperties) = preSolution
		HideSolutionNode = FALSE
	EndGlobalSection
	GlobalSection(ExtensibilityGlobals) = postSolution
		SolutionGuid = {1B0A5071-B561-4A83-8EFD-8EA82561AC17}
	EndGlobalSection
EndGlobal
